
Microsoft Visual Studio Solution File, Format Version 12.00
# Visual Studio Version 17
VisualStudioVersion = 17.5.002.0
MinimumVisualStudioVersion = 10.0.40219.1
Project("{2150E333-8FDC-42A3-9474-1A3956D46DE8}") = "src", "src", "{17585CF0-D68B-47E4-AB41-75716F86E2E4}"
EndProject
Project("{2150E333-8FDC-42A3-9474-1A3956D46DE8}") = "Back", "Back", "{08D6F4EA-0838-4FEF-B949-AE4452A7AFA9}"
EndProject
Project("{9A19103F-16F7-4668-BE54-9A1E7A4F7556}") = "DatabaseService", "src\Back\DatabaseService\DatabaseService.csproj", "{1FEE529A-B163-429A-A629-D10C9D7C03AA}"
EndProject
Project("{9A19103F-16F7-4668-BE54-9A1E7A4F7556}") = "EmailService", "src\Back\EmailService\EmailService.csproj", "{9035E81F-CFEE-4E78-B553-ECD4D436A51D}"
EndProject
Global
	GlobalSection(SolutionConfigurationPlatforms) = preSolution
		Debug|Any CPU = Debug|Any CPU
		Release|Any CPU = Release|Any CPU
	EndGlobalSection
	GlobalSection(ProjectConfigurationPlatforms) = postSolution
		{1FEE529A-B163-429A-A629-D10C9D7C03AA}.Debug|Any CPU.ActiveCfg = Debug|Any CPU
		{1FEE529A-B163-429A-A629-D10C9D7C03AA}.Debug|Any CPU.Build.0 = Debug|Any CPU
		{1FEE529A-B163-429A-A629-D10C9D7C03AA}.Release|Any CPU.ActiveCfg = Release|Any CPU
		{1FEE529A-B163-429A-A629-D10C9D7C03AA}.Release|Any CPU.Build.0 = Release|Any CPU
		{9035E81F-CFEE-4E78-B553-ECD4D436A51D}.Debug|Any CPU.ActiveCfg = Debug|Any CPU
		{9035E81F-CFEE-4E78-B553-ECD4D436A51D}.Debug|Any CPU.Build.0 = Debug|Any CPU
		{9035E81F-CFEE-4E78-B553-ECD4D436A51D}.Release|Any CPU.ActiveCfg = Release|Any CPU
		{9035E81F-CFEE-4E78-B553-ECD4D436A51D}.Release|Any CPU.Build.0 = Release|Any CPU
	EndGlobalSection
	GlobalSection(SolutionProperties) = preSolution
		HideSolutionNode = FALSE
	EndGlobalSection
	GlobalSection(NestedProjects) = preSolution
		{08D6F4EA-0838-4FEF-B949-AE4452A7AFA9} = {17585CF0-D68B-47E4-AB41-75716F86E2E4}
		{1FEE529A-B163-429A-A629-D10C9D7C03AA} = {08D6F4EA-0838-4FEF-B949-AE4452A7AFA9}
		{9035E81F-CFEE-4E78-B553-ECD4D436A51D} = {08D6F4EA-0838-4FEF-B949-AE4452A7AFA9}
	EndGlobalSection
	GlobalSection(ExtensibilityGlobals) = postSolution
		SolutionGuid = {2E968BD2-674C-42FA-8BEF-03AC5D4D0EB5}
	EndGlobalSection
EndGlobal
